
Microsoft Visual Studio Solution File, Format Version 12.00
# Visual Studio 2012
Project("{FAE04EC0-301F-11D3-BF4B-00C04F79EFBC}") = "XCare.DMS.Entity", "XCare.DMS.Entity\XCare.DMS.Entity.csproj", "{EA158215-A793-4A72-99AF-D450B0CACDF9}"
EndProject
Project("{FAE04EC0-301F-11D3-BF4B-00C04F79EFBC}") = "XCare.DMS.DataProc.Event", "XCare.DMS.DataProc.Event\XCare.DMS.DataProc.Event.csproj", "{1C1B4A4D-A48A-4CCA-AB29-BE568E5E37DB}"
EndProject
Project("{FAE04EC0-301F-11D3-BF4B-00C04F79EFBC}") = "XCare.DMS.DataProc.EventHandler", "XCare.DMS.DataProc.EventHandler\XCare.DMS.DataProc.EventHandler.csproj", "{4F8ACDDB-1BD6-448A-80F8-DCE1FA89D575}"
EndProject
Project("{FAE04EC0-301F-11D3-BF4B-00C04F79EFBC}") = "XCare.DMS.Message", "XCare.DMS.Message\XCare.DMS.Message.csproj", "{C2659157-EBE2-4796-9422-766A3F89B0A1}"
EndProject
Project("{FAE04EC0-301F-11D3-BF4B-00C04F79EFBC}") = "XCare.DMS.DataProc.Host", "XCare.DMS.DataProc.Host\XCare.DMS.DataProc.Host.csproj", "{C88D1721-9FC5-43AF-BFBA-704E27D451C0}"
EndProject
Project("{FAE04EC0-301F-11D3-BF4B-00C04F79EFBC}") = "XCare.DMS.Uploading.Host", "XCare.DMS.Uploading.Host\XCare.DMS.Uploading.Host.csproj", "{D4568D17-2B5F-4CFB-9661-9106F0E2F3B0}"
EndProject
Project("{FAE04EC0-301F-11D3-BF4B-00C04F79EFBC}") = "XCare.DMS.DataProc", "XCare.DMS.DataProc\XCare.DMS.DataProc.csproj", "{370AE57E-EA93-4B99-AAF7-7B1D3B343CDE}"
EndProject
Project("{FAE04EC0-301F-11D3-BF4B-00C04F79EFBC}") = "XCare.DMS.Receiving", "XCare.DMS.Receiving\XCare.DMS.Receiving.csproj", "{6B3A88C3-F584-48BE-828B-E3D46054B9C5}"
EndProject
Project("{FAE04EC0-301F-11D3-BF4B-00C04F79EFBC}") = "XCare.DMS.Uploading", "XCare.DMS.Uploading\XCare.DMS.Uploading.csproj", "{A4824414-3BC5-45E1-AF68-6BF05F0096FC}"
EndProject
Project("{FAE04EC0-301F-11D3-BF4B-00C04F79EFBC}") = "XCare.DMS.Utilities", "XCare.DMS.Utilities\XCare.DMS.Utilities.csproj", "{61A6BB8A-D605-411D-B274-46E170020397}"
EndProject
Project("{FAE04EC0-301F-11D3-BF4B-00C04F79EFBC}") = "XCare.DMS.Test", "XCare.DMS.Test\XCare.DMS.Test.csproj", "{25A9427A-B371-46BE-B135-049DEAFE4F76}"
EndProject
Project("{2150E333-8FDC-42A3-9474-1A3956D46DE8}") = "01-Internal", "01-Internal", "{AF39828C-6CE3-4D4F-8C77-01502826EA7A}"
EndProject
Project("{2150E333-8FDC-42A3-9474-1A3956D46DE8}") = "02-External", "02-External", "{FB2C5CE8-ACB9-4045-BE7D-4E2D5BC5CC23}"
EndProject
Project("{2150E333-8FDC-42A3-9474-1A3956D46DE8}") = "03-Generic", "03-Generic", "{201DAEF3-22E7-4761-A4A2-72C0D41562F3}"
EndProject
Project("{FAE04EC0-301F-11D3-BF4B-00C04F79EFBC}") = "XCare.DMS.DataProc.MessageHandler", "XCare.DMS.DataProc.MessageHandler\XCare.DMS.DataProc.MessageHandler.csproj", "{F200418E-7028-4D26-9369-3CAC986EA2AC}"
EndProject
Project("{FAE04EC0-301F-11D3-BF4B-00C04F79EFBC}") = "XCare.DMS.Receiving.Api", "XCare.DMS.Receiving.Api\XCare.DMS.Receiving.Api.csproj", "{545E77F0-0BA1-4CDC-BAB5-E1EFDE4AD75B}"
EndProject
Project("{FAE04EC0-301F-11D3-BF4B-00C04F79EFBC}") = "XCare.DMS.Message.Configuration", "XCare.DMS.Message.Configuration\XCare.DMS.Message.Configuration.csproj", "{ED78164E-607E-4C34-9957-4E02CAB76F07}"
EndProject
Global
	GlobalSection(SolutionConfigurationPlatforms) = preSolution
		Debug|Any CPU = Debug|Any CPU
		Release|Any CPU = Release|Any CPU
	EndGlobalSection
	GlobalSection(ProjectConfigurationPlatforms) = postSolution
		{EA158215-A793-4A72-99AF-D450B0CACDF9}.Debug|Any CPU.ActiveCfg = Debug|Any CPU
		{EA158215-A793-4A72-99AF-D450B0CACDF9}.Debug|Any CPU.Build.0 = Debug|Any CPU
		{EA158215-A793-4A72-99AF-D450B0CACDF9}.Release|Any CPU.ActiveCfg = Release|Any CPU
		{EA158215-A793-4A72-99AF-D450B0CACDF9}.Release|Any CPU.Build.0 = Release|Any CPU
		{1C1B4A4D-A48A-4CCA-AB29-BE568E5E37DB}.Debug|Any CPU.ActiveCfg = Debug|Any CPU
		{1C1B4A4D-A48A-4CCA-AB29-BE568E5E37DB}.Debug|Any CPU.Build.0 = Debug|Any CPU
		{1C1B4A4D-A48A-4CCA-AB29-BE568E5E37DB}.Release|Any CPU.ActiveCfg = Release|Any CPU
		{1C1B4A4D-A48A-4CCA-AB29-BE568E5E37DB}.Release|Any CPU.Build.0 = Release|Any CPU
		{4F8ACDDB-1BD6-448A-80F8-DCE1FA89D575}.Debug|Any CPU.ActiveCfg = Debug|Any CPU
		{4F8ACDDB-1BD6-448A-80F8-DCE1FA89D575}.Debug|Any CPU.Build.0 = Debug|Any CPU
		{4F8ACDDB-1BD6-448A-80F8-DCE1FA89D575}.Release|Any CPU.ActiveCfg = Release|Any CPU
		{4F8ACDDB-1BD6-448A-80F8-DCE1FA89D575}.Release|Any CPU.Build.0 = Release|Any CPU
		{C2659157-EBE2-4796-9422-766A3F89B0A1}.Debug|Any CPU.ActiveCfg = Debug|Any CPU
		{C2659157-EBE2-4796-9422-766A3F89B0A1}.Debug|Any CPU.Build.0 = Debug|Any CPU
		{C2659157-EBE2-4796-9422-766A3F89B0A1}.Release|Any CPU.ActiveCfg = Release|Any CPU
		{C2659157-EBE2-4796-9422-766A3F89B0A1}.Release|Any CPU.Build.0 = Release|Any CPU
		{C88D1721-9FC5-43AF-BFBA-704E27D451C0}.Debug|Any CPU.ActiveCfg = Debug|Any CPU
		{C88D1721-9FC5-43AF-BFBA-704E27D451C0}.Debug|Any CPU.Build.0 = Debug|Any CPU
		{C88D1721-9FC5-43AF-BFBA-704E27D451C0}.Release|Any CPU.ActiveCfg = Release|Any CPU
		{C88D1721-9FC5-43AF-BFBA-704E27D451C0}.Release|Any CPU.Build.0 = Release|Any CPU
		{D4568D17-2B5F-4CFB-9661-9106F0E2F3B0}.Debug|Any CPU.ActiveCfg = Debug|Any CPU
		{D4568D17-2B5F-4CFB-9661-9106F0E2F3B0}.Debug|Any CPU.Build.0 = Debug|Any CPU
		{D4568D17-2B5F-4CFB-9661-9106F0E2F3B0}.Release|Any CPU.ActiveCfg = Release|Any CPU
		{D4568D17-2B5F-4CFB-9661-9106F0E2F3B0}.Release|Any CPU.Build.0 = Release|Any CPU
		{370AE57E-EA93-4B99-AAF7-7B1D3B343CDE}.Debug|Any CPU.ActiveCfg = Debug|Any CPU
		{370AE57E-EA93-4B99-AAF7-7B1D3B343CDE}.Debug|Any CPU.Build.0 = Debug|Any CPU
		{370AE57E-EA93-4B99-AAF7-7B1D3B343CDE}.Release|Any CPU.ActiveCfg = Release|Any CPU
		{370AE57E-EA93-4B99-AAF7-7B1D3B343CDE}.Release|Any CPU.Build.0 = Release|Any CPU
		{6B3A88C3-F584-48BE-828B-E3D46054B9C5}.Debug|Any CPU.ActiveCfg = Debug|Any CPU
		{6B3A88C3-F584-48BE-828B-E3D46054B9C5}.Debug|Any CPU.Build.0 = Debug|Any CPU
		{6B3A88C3-F584-48BE-828B-E3D46054B9C5}.Release|Any CPU.ActiveCfg = Release|Any CPU
		{6B3A88C3-F584-48BE-828B-E3D46054B9C5}.Release|Any CPU.Build.0 = Release|Any CPU
		{A4824414-3BC5-45E1-AF68-6BF05F0096FC}.Debug|Any CPU.ActiveCfg = Debug|Any CPU
		{A4824414-3BC5-45E1-AF68-6BF05F0096FC}.Debug|Any CPU.Build.0 = Debug|Any CPU
		{A4824414-3BC5-45E1-AF68-6BF05F0096FC}.Release|Any CPU.ActiveCfg = Release|Any CPU
		{A4824414-3BC5-45E1-AF68-6BF05F0096FC}.Release|Any CPU.Build.0 = Release|Any CPU
		{61A6BB8A-D605-411D-B274-46E170020397}.Debug|Any CPU.ActiveCfg = Debug|Any CPU
		{61A6BB8A-D605-411D-B274-46E170020397}.Debug|Any CPU.Build.0 = Debug|Any CPU
		{61A6BB8A-D605-411D-B274-46E170020397}.Release|Any CPU.ActiveCfg = Release|Any CPU
		{61A6BB8A-D605-411D-B274-46E170020397}.Release|Any CPU.Build.0 = Release|Any CPU
		{25A9427A-B371-46BE-B135-049DEAFE4F76}.Debug|Any CPU.ActiveCfg = Debug|Any CPU
		{25A9427A-B371-46BE-B135-049DEAFE4F76}.Debug|Any CPU.Build.0 = Debug|Any CPU
		{25A9427A-B371-46BE-B135-049DEAFE4F76}.Release|Any CPU.ActiveCfg = Release|Any CPU
		{25A9427A-B371-46BE-B135-049DEAFE4F76}.Release|Any CPU.Build.0 = Release|Any CPU
		{F200418E-7028-4D26-9369-3CAC986EA2AC}.Debug|Any CPU.ActiveCfg = Debug|Any CPU
		{F200418E-7028-4D26-9369-3CAC986EA2AC}.Debug|Any CPU.Build.0 = Debug|Any CPU
		{F200418E-7028-4D26-9369-3CAC986EA2AC}.Release|Any CPU.ActiveCfg = Release|Any CPU
		{F200418E-7028-4D26-9369-3CAC986EA2AC}.Release|Any CPU.Build.0 = Release|Any CPU
		{545E77F0-0BA1-4CDC-BAB5-E1EFDE4AD75B}.Debug|Any CPU.ActiveCfg = Debug|Any CPU
		{545E77F0-0BA1-4CDC-BAB5-E1EFDE4AD75B}.Debug|Any CPU.Build.0 = Debug|Any CPU
		{545E77F0-0BA1-4CDC-BAB5-E1EFDE4AD75B}.Release|Any CPU.ActiveCfg = Release|Any CPU
		{545E77F0-0BA1-4CDC-BAB5-E1EFDE4AD75B}.Release|Any CPU.Build.0 = Release|Any CPU
		{ED78164E-607E-4C34-9957-4E02CAB76F07}.Debug|Any CPU.ActiveCfg = Debug|Any CPU
		{ED78164E-607E-4C34-9957-4E02CAB76F07}.Debug|Any CPU.Build.0 = Debug|Any CPU
		{ED78164E-607E-4C34-9957-4E02CAB76F07}.Release|Any CPU.ActiveCfg = Release|Any CPU
		{ED78164E-607E-4C34-9957-4E02CAB76F07}.Release|Any CPU.Build.0 = Release|Any CPU
	EndGlobalSection
	GlobalSection(SolutionProperties) = preSolution
		HideSolutionNode = FALSE
	EndGlobalSection
	GlobalSection(NestedProjects) = preSolution
		{1C1B4A4D-A48A-4CCA-AB29-BE568E5E37DB} = {AF39828C-6CE3-4D4F-8C77-01502826EA7A}
		{4F8ACDDB-1BD6-448A-80F8-DCE1FA89D575} = {AF39828C-6CE3-4D4F-8C77-01502826EA7A}
		{C2659157-EBE2-4796-9422-766A3F89B0A1} = {AF39828C-6CE3-4D4F-8C77-01502826EA7A}
		{C88D1721-9FC5-43AF-BFBA-704E27D451C0} = {AF39828C-6CE3-4D4F-8C77-01502826EA7A}
		{370AE57E-EA93-4B99-AAF7-7B1D3B343CDE} = {AF39828C-6CE3-4D4F-8C77-01502826EA7A}
		{6B3A88C3-F584-48BE-828B-E3D46054B9C5} = {AF39828C-6CE3-4D4F-8C77-01502826EA7A}
		{F200418E-7028-4D26-9369-3CAC986EA2AC} = {AF39828C-6CE3-4D4F-8C77-01502826EA7A}
		{545E77F0-0BA1-4CDC-BAB5-E1EFDE4AD75B} = {AF39828C-6CE3-4D4F-8C77-01502826EA7A}
		{ED78164E-607E-4C34-9957-4E02CAB76F07} = {AF39828C-6CE3-4D4F-8C77-01502826EA7A}
		{61A6BB8A-D605-411D-B274-46E170020397} = {201DAEF3-22E7-4761-A4A2-72C0D41562F3}
		{25A9427A-B371-46BE-B135-049DEAFE4F76} = {201DAEF3-22E7-4761-A4A2-72C0D41562F3}
		{EA158215-A793-4A72-99AF-D450B0CACDF9} = {201DAEF3-22E7-4761-A4A2-72C0D41562F3}
		{A4824414-3BC5-45E1-AF68-6BF05F0096FC} = {FB2C5CE8-ACB9-4045-BE7D-4E2D5BC5CC23}
		{D4568D17-2B5F-4CFB-9661-9106F0E2F3B0} = {FB2C5CE8-ACB9-4045-BE7D-4E2D5BC5CC23}
	EndGlobalSection
EndGlobal
